
Microsoft Visual Studio Solution File, Format Version 12.00
# Visual Studio Version 16
VisualStudioVersion = 16.0.32002.261
MinimumVisualStudioVersion = 10.0.40219.1
Project("{8BC9CEB8-8B4A-11D0-8D11-00A0C91BC942}") = "Unit14", "Unit14.vcxproj", "{6386EA12-2141-4F2E-A535-948B0B360762}"
EndProject
Global
	GlobalSection(SolutionConfigurationPlatforms) = preSolution
		Debug|x64 = Debug|x64
		Debug|x86 = Debug|x86
		Release|x64 = Release|x64
		Release|x86 = Release|x86
	EndGlobalSection
	GlobalSection(ProjectConfigurationPlatforms) = postSolution
		{6386EA12-2141-4F2E-A535-948B0B360762}.Debug|x64.ActiveCfg = Debug|x64
		{6386EA12-2141-4F2E-A535-948B0B360762}.Debug|x64.Build.0 = Debug|x64
		{6386EA12-2141-4F2E-A535-948B0B360762}.Debug|x86.ActiveCfg = Debug|Win32
		{6386EA12-2141-4F2E-A535-948B0B360762}.Debug|x86.Build.0 = Debug|Win32
		{6386EA12-2141-4F2E-A535-948B0B360762}.Release|x64.ActiveCfg = Release|x64
		{6386EA12-2141-4F2E-A535-948B0B360762}.Release|x64.Build.0 = Release|x64
		{6386EA12-2141-4F2E-A535-948B0B360762}.Release|x86.ActiveCfg = Release|Win32
		{6386EA12-2141-4F2E-A535-948B0B360762}.Release|x86.Build.0 = Release|Win32
	EndGlobalSection
	GlobalSection(SolutionProperties) = preSolution
		HideSolutionNode = FALSE
	EndGlobalSection
	GlobalSection(ExtensibilityGlobals) = postSolution
		SolutionGuid = {F4298037-B380-4D4C-9E31-4245ECD110E2}
	EndGlobalSection
EndGlobal
