
Microsoft Visual Studio Solution File, Format Version 12.00
# Visual Studio Version 16
VisualStudioVersion = 16.0.32002.261
MinimumVisualStudioVersion = 10.0.40219.1
Project("{8BC9CEB8-8B4A-11D0-8D11-00A0C91BC942}") = "Unit55", "Unit55.vcxproj", "{5396B228-054B-4292-8B33-845F31B817F6}"
EndProject
Global
	GlobalSection(SolutionConfigurationPlatforms) = preSolution
		Debug|x64 = Debug|x64
		Debug|x86 = Debug|x86
		Release|x64 = Release|x64
		Release|x86 = Release|x86
	EndGlobalSection
	GlobalSection(ProjectConfigurationPlatforms) = postSolution
		{5396B228-054B-4292-8B33-845F31B817F6}.Debug|x64.ActiveCfg = Debug|x64
		{5396B228-054B-4292-8B33-845F31B817F6}.Debug|x64.Build.0 = Debug|x64
		{5396B228-054B-4292-8B33-845F31B817F6}.Debug|x86.ActiveCfg = Debug|Win32
		{5396B228-054B-4292-8B33-845F31B817F6}.Debug|x86.Build.0 = Debug|Win32
		{5396B228-054B-4292-8B33-845F31B817F6}.Release|x64.ActiveCfg = Release|x64
		{5396B228-054B-4292-8B33-845F31B817F6}.Release|x64.Build.0 = Release|x64
		{5396B228-054B-4292-8B33-845F31B817F6}.Release|x86.ActiveCfg = Release|Win32
		{5396B228-054B-4292-8B33-845F31B817F6}.Release|x86.Build.0 = Release|Win32
	EndGlobalSection
	GlobalSection(SolutionProperties) = preSolution
		HideSolutionNode = FALSE
	EndGlobalSection
	GlobalSection(ExtensibilityGlobals) = postSolution
		SolutionGuid = {13CF09A8-C719-4090-95EA-3249164978B5}
	EndGlobalSection
EndGlobal
