
Microsoft Visual Studio Solution File, Format Version 12.00
# Visual Studio Version 16
VisualStudioVersion = 16.0.32002.261
MinimumVisualStudioVersion = 10.0.40219.1
Project("{8BC9CEB8-8B4A-11D0-8D11-00A0C91BC942}") = "Unit69", "Unit69.vcxproj", "{D1CFF32E-2C07-432D-9242-8999C193FF37}"
EndProject
Global
	GlobalSection(SolutionConfigurationPlatforms) = preSolution
		Debug|x64 = Debug|x64
		Debug|x86 = Debug|x86
		Release|x64 = Release|x64
		Release|x86 = Release|x86
	EndGlobalSection
	GlobalSection(ProjectConfigurationPlatforms) = postSolution
		{D1CFF32E-2C07-432D-9242-8999C193FF37}.Debug|x64.ActiveCfg = Debug|x64
		{D1CFF32E-2C07-432D-9242-8999C193FF37}.Debug|x64.Build.0 = Debug|x64
		{D1CFF32E-2C07-432D-9242-8999C193FF37}.Debug|x86.ActiveCfg = Debug|Win32
		{D1CFF32E-2C07-432D-9242-8999C193FF37}.Debug|x86.Build.0 = Debug|Win32
		{D1CFF32E-2C07-432D-9242-8999C193FF37}.Release|x64.ActiveCfg = Release|x64
		{D1CFF32E-2C07-432D-9242-8999C193FF37}.Release|x64.Build.0 = Release|x64
		{D1CFF32E-2C07-432D-9242-8999C193FF37}.Release|x86.ActiveCfg = Release|Win32
		{D1CFF32E-2C07-432D-9242-8999C193FF37}.Release|x86.Build.0 = Release|Win32
	EndGlobalSection
	GlobalSection(SolutionProperties) = preSolution
		HideSolutionNode = FALSE
	EndGlobalSection
	GlobalSection(ExtensibilityGlobals) = postSolution
		SolutionGuid = {7970C609-6589-4418-94AD-E3EC4D4363F7}
	EndGlobalSection
EndGlobal
