
Microsoft Visual Studio Solution File, Format Version 12.00
# Visual Studio Version 16
VisualStudioVersion = 16.0.32002.261
MinimumVisualStudioVersion = 10.0.40219.1
Project("{8BC9CEB8-8B4A-11D0-8D11-00A0C91BC942}") = "Unit17", "Unit17.vcxproj", "{0C623DE4-29F7-40BD-AC12-C0FB3C97BFEF}"
EndProject
Global
	GlobalSection(SolutionConfigurationPlatforms) = preSolution
		Debug|x64 = Debug|x64
		Debug|x86 = Debug|x86
		Release|x64 = Release|x64
		Release|x86 = Release|x86
	EndGlobalSection
	GlobalSection(ProjectConfigurationPlatforms) = postSolution
		{0C623DE4-29F7-40BD-AC12-C0FB3C97BFEF}.Debug|x64.ActiveCfg = Debug|x64
		{0C623DE4-29F7-40BD-AC12-C0FB3C97BFEF}.Debug|x64.Build.0 = Debug|x64
		{0C623DE4-29F7-40BD-AC12-C0FB3C97BFEF}.Debug|x86.ActiveCfg = Debug|Win32
		{0C623DE4-29F7-40BD-AC12-C0FB3C97BFEF}.Debug|x86.Build.0 = Debug|Win32
		{0C623DE4-29F7-40BD-AC12-C0FB3C97BFEF}.Release|x64.ActiveCfg = Release|x64
		{0C623DE4-29F7-40BD-AC12-C0FB3C97BFEF}.Release|x64.Build.0 = Release|x64
		{0C623DE4-29F7-40BD-AC12-C0FB3C97BFEF}.Release|x86.ActiveCfg = Release|Win32
		{0C623DE4-29F7-40BD-AC12-C0FB3C97BFEF}.Release|x86.Build.0 = Release|Win32
	EndGlobalSection
	GlobalSection(SolutionProperties) = preSolution
		HideSolutionNode = FALSE
	EndGlobalSection
	GlobalSection(ExtensibilityGlobals) = postSolution
		SolutionGuid = {05477947-E9F5-4795-8D40-BDBC56C358F8}
	EndGlobalSection
EndGlobal
