
Microsoft Visual Studio Solution File, Format Version 12.00
# Visual Studio Version 16
VisualStudioVersion = 16.0.32002.261
MinimumVisualStudioVersion = 10.0.40219.1
Project("{8BC9CEB8-8B4A-11D0-8D11-00A0C91BC942}") = "Unit38", "Unit38.vcxproj", "{196015C3-7C93-4F07-8538-C6A9753E187F}"
EndProject
Global
	GlobalSection(SolutionConfigurationPlatforms) = preSolution
		Debug|x64 = Debug|x64
		Debug|x86 = Debug|x86
		Release|x64 = Release|x64
		Release|x86 = Release|x86
	EndGlobalSection
	GlobalSection(ProjectConfigurationPlatforms) = postSolution
		{196015C3-7C93-4F07-8538-C6A9753E187F}.Debug|x64.ActiveCfg = Debug|x64
		{196015C3-7C93-4F07-8538-C6A9753E187F}.Debug|x64.Build.0 = Debug|x64
		{196015C3-7C93-4F07-8538-C6A9753E187F}.Debug|x86.ActiveCfg = Debug|Win32
		{196015C3-7C93-4F07-8538-C6A9753E187F}.Debug|x86.Build.0 = Debug|Win32
		{196015C3-7C93-4F07-8538-C6A9753E187F}.Release|x64.ActiveCfg = Release|x64
		{196015C3-7C93-4F07-8538-C6A9753E187F}.Release|x64.Build.0 = Release|x64
		{196015C3-7C93-4F07-8538-C6A9753E187F}.Release|x86.ActiveCfg = Release|Win32
		{196015C3-7C93-4F07-8538-C6A9753E187F}.Release|x86.Build.0 = Release|Win32
	EndGlobalSection
	GlobalSection(SolutionProperties) = preSolution
		HideSolutionNode = FALSE
	EndGlobalSection
	GlobalSection(ExtensibilityGlobals) = postSolution
		SolutionGuid = {33B5F00C-A2CD-421D-BA18-2EDE858D8C62}
	EndGlobalSection
EndGlobal
